Microsoft Visual Studio Solution File, Format Version 12.00
# Visual Studio Version 17
VisualStudioVersion = 17.5.2.0
MinimumVisualStudioVersion = 10.0.40219.1
Project("{FAE04EC0-301F-11D3-BF4B-00C04F79EFBC}") = "Backend", "Backend.csproj", "{8C5DDAF5-2232-0ACB-BE89-0EF72B572686}"
EndProject
Global
	GlobalSection(SolutionConfigurationPlatforms) = preSolution
		Debug|Any CPU = Debug|Any CPU
		Release|Any CPU = Release|Any CPU
	EndGlobalSection
	GlobalSection(ProjectConfigurationPlatforms) = postSolution
		{8C5DDAF5-2232-0ACB-BE89-0EF72B572686}.Debug|Any CPU.ActiveCfg = Debug|Any CPU
		{8C5DDAF5-2232-0ACB-BE89-0EF72B572686}.Debug|Any CPU.Build.0 = Debug|Any CPU
		{8C5DDAF5-2232-0ACB-BE89-0EF72B572686}.Release|Any CPU.ActiveCfg = Release|Any CPU
		{8C5DDAF5-2232-0ACB-BE89-0EF72B572686}.Release|Any CPU.Build.0 = Release|Any CPU
	EndGlobalSection
	GlobalSection(SolutionProperties) = preSolution
		HideSolutionNode = FALSE
	EndGlobalSection
	GlobalSection(ExtensibilityGlobals) = postSolution
		SolutionGuid = {6DB2909A-30EF-4964-9342-8F0485B4087A}
	EndGlobalSection
EndGlobal
